
Microsoft Visual Studio Solution File, Format Version 12.00
# Visual Studio 15
VisualStudioVersion = 15.0.27130.2003
MinimumVisualStudioVersion = 10.0.40219.1
Project("{8BC9CEB8-8B4A-11D0-8D11-00A0C91BC942}") = "Quiz_Text_Generator", "Quiz_Text_Generator\Quiz_Text_Generator.vcxproj", "{C4532BC0-7778-4C3C-AD09-A6AE6037B0B7}"
EndProject
Global
	GlobalSection(SolutionConfigurationPlatforms) = preSolution
		Debug|x64 = Debug|x64
		Debug|x86 = Debug|x86
		Release|x64 = Release|x64
		Release|x86 = Release|x86
	EndGlobalSection
	GlobalSection(ProjectConfigurationPlatforms) = postSolution
		{C4532BC0-7778-4C3C-AD09-A6AE6037B0B7}.Debug|x64.ActiveCfg = Debug|x64
		{C4532BC0-7778-4C3C-AD09-A6AE6037B0B7}.Debug|x64.Build.0 = Debug|x64
		{C4532BC0-7778-4C3C-AD09-A6AE6037B0B7}.Debug|x86.ActiveCfg = Debug|Win32
		{C4532BC0-7778-4C3C-AD09-A6AE6037B0B7}.Debug|x86.Build.0 = Debug|Win32
		{C4532BC0-7778-4C3C-AD09-A6AE6037B0B7}.Release|x64.ActiveCfg = Release|x64
		{C4532BC0-7778-4C3C-AD09-A6AE6037B0B7}.Release|x64.Build.0 = Release|x64
		{C4532BC0-7778-4C3C-AD09-A6AE6037B0B7}.Release|x86.ActiveCfg = Release|Win32
		{C4532BC0-7778-4C3C-AD09-A6AE6037B0B7}.Release|x86.Build.0 = Release|Win32
	EndGlobalSection
	GlobalSection(SolutionProperties) = preSolution
		HideSolutionNode = FALSE
	EndGlobalSection
	GlobalSection(ExtensibilityGlobals) = postSolution
		SolutionGuid = {ADC7B9D4-1FF5-4694-8AC3-AC257ED20AF7}
	EndGlobalSection
EndGlobal
